// !$*UTF8*$!
{
	archiveVersion = 1;
	classes = {
	};
	objectVersion = 50;
	objects = {

/* Begin PBXBuildFile section */
		1867B9D2148E2DA1FC08A08E /* Pods_Todoey.framework in Frameworks */ = {isa = PBXBuildFile; fileRef = 02E79555AD5037A5AB757E72 /* Pods_Todoey.framework */; };
		A3002AC320874274004D66E3 /* AppDelegate.swift in Sources */ = {isa = PBXBuildFile; fileRef = A3002AC220874274004D66E3 /* AppDelegate.swift */; };
		A3002AC520874274004D66E3 /* ToDoListViewController.swift in Sources */ = {isa = PBXBuildFile; fileRef = A3002AC420874274004D66E3 /* ToDoListViewController.swift */; };
		A3002AC820874274004D66E3 /* Main.storyboard in Resources */ = {isa = PBXBuildFile; fileRef = A3002AC620874274004D66E3 /* Main.storyboard */; };
		A3002ACA20874277004D66E3 /* Assets.xcassets in Resources */ = {isa = PBXBuildFile; fileRef = A3002AC920874277004D66E3 /* Assets.xcassets */; };
		A3002ACD20874277004D66E3 /* LaunchScreen.storyboard in Resources */ = {isa = PBXBuildFile; fileRef = A3002ACB20874277004D66E3 /* LaunchScreen.storyboard */; };
		A37A0A842090786800BF469C /* Item.swift in Sources */ = {isa = PBXBuildFile; fileRef = A37A0A832090786800BF469C /* Item.swift */; };
		A37A0A862090787100BF469C /* Category.swift in Sources */ = {isa = PBXBuildFile; fileRef = A37A0A852090787100BF469C /* Category.swift */; };
		A37A0A882091E50700BF469C /* SwipeTableViewController.swift in Sources */ = {isa = PBXBuildFile; fileRef = A37A0A872091E50700BF469C /* SwipeTableViewController.swift */; };
		A3D54067208E0817000BA980 /* CategoryViewController.swift in Sources */ = {isa = PBXBuildFile; fileRef = A3D54066208E0817000BA980 /* CategoryViewController.swift */; };
/* End PBXBuildFile section */

/* Begin PBXFileReference section */
		02E79555AD5037A5AB757E72 /* Pods_Todoey.framework */ = {isa = PBXFileReference; explicitFileType = wrapper.framework; includeInIndex = 0; path = Pods_Todoey.framework; sourceTree = BUILT_PRODUCTS_DIR; };
		09476D0153FD4A7C64DBB219 /* Pods-Todoey.release.xcconfig */ = {isa = PBXFileReference; includeInIndex = 1; lastKnownFileType = text.xcconfig; name = "Pods-Todoey.release.xcconfig"; path = "Pods/Target Support Files/Pods-Todoey/Pods-Todoey.release.xcconfig"; sourceTree = "<group>"; };
		A3002ABF20874274004D66E3 /* Todoey.app */ = {isa = PBXFileReference; explicitFileType = wrapper.application; includeInIndex = 0; path = Todoey.app; sourceTree = BUILT_PRODUCTS_DIR; };
		A3002AC220874274004D66E3 /* AppDelegate.swift */ = {isa = PBXFileReference; lastKnownFileType = sourcecode.swift; path = AppDelegate.swift; sourceTree = "<group>"; };
		A3002AC420874274004D66E3 /* ToDoListViewController.swift */ = {isa = PBXFileReference; lastKnownFileType = sourcecode.swift; path = ToDoListViewController.swift; sourceTree = "<group>"; };
		A3002AC720874274004D66E3 /* Base */ = {isa = PBXFileReference; lastKnownFileType = file.storyboard; name = Base; path = Base.lproj/Main.storyboard; sourceTree = "<group>"; };
		A3002AC920874277004D66E3 /* Assets.xcassets */ = {isa = PBXFileReference; lastKnownFileType = folder.assetcatalog; path = Assets.xcassets; sourceTree = "<group>"; };
		A3002ACC20874277004D66E3 /* Base */ = {isa = PBXFileReference; lastKnownFileType = file.storyboard; name = Base; path = Base.lproj/LaunchScreen.storyboard; sourceTree = "<group>"; };
		A3002ACE20874277004D66E3 /* Info.plist */ = {isa = PBXFileReference; lastKnownFileType = text.plist.xml; path = Info.plist; sourceTree = "<group>"; };
		A37A0A832090786800BF469C /* Item.swift */ = {isa = PBXFileReference; lastKnownFileType = sourcecode.swift; path = Item.swift; sourceTree = "<group>"; };
		A37A0A852090787100BF469C /* Category.swift */ = {isa = PBXFileReference; lastKnownFileType = sourcecode.swift; path = Category.swift; sourceTree = "<group>"; };
		A37A0A872091E50700BF469C /* SwipeTableViewController.swift */ = {isa = PBXFileReference; lastKnownFileType = sourcecode.swift; path = SwipeTableViewController.swift; sourceTree = "<group>"; };
		A3D54066208E0817000BA980 /* CategoryViewController.swift */ = {isa = PBXFileReference; lastKnownFileType = sourcecode.swift; path = CategoryViewController.swift; sourceTree = "<group>"; };
		FAB365E2F2068C961D746545 /* Pods-Todoey.debug.xcconfig */ = {isa = PBXFileReference; includeInIndex = 1; lastKnownFileType = text.xcconfig; name = "Pods-Todoey.debug.xcconfig"; path = "Pods/Target Support Files/Pods-Todoey/Pods-Todoey.debug.xcconfig"; sourceTree = "<group>"; };
/* End PBXFileReference section */

/* Begin PBXFrameworksBuildPhase section */
		A3002ABC20874274004D66E3 /* Frameworks */ = {
			isa = PBXFrameworksBuildPhase;
			buildActionMask = 2147483647;
			files = (
				1867B9D2148E2DA1FC08A08E /* Pods_Todoey.framework in Frameworks */,
			);
			runOnlyForDeploymentPostprocessing = 0;
		};
/* End PBXFrameworksBuildPhase section */

/* Begin PBXGroup section */
		7E5FE05DBB366AA1AB159454 /* Pods */ = {
			isa = PBXGroup;
			children = (
				FAB365E2F2068C961D746545 /* Pods-Todoey.debug.xcconfig */,
				09476D0153FD4A7C64DBB219 /* Pods-Todoey.release.xcconfig */,
			);
			name = Pods;
			sourceTree = "<group>";
		};
		99210ADF242DF4E48B5A88BE /* Frameworks */ = {
			isa = PBXGroup;
			children = (
				02E79555AD5037A5AB757E72 /* Pods_Todoey.framework */,
			);
			name = Frameworks;
			sourceTree = "<group>";
		};
		A3002AB620874273004D66E3 = {
			isa = PBXGroup;
			children = (
				A3002AC120874274004D66E3 /* Todoey */,
				A3002AC020874274004D66E3 /* Products */,
				7E5FE05DBB366AA1AB159454 /* Pods */,
				99210ADF242DF4E48B5A88BE /* Frameworks */,
			);
			sourceTree = "<group>";
		};
		A3002AC020874274004D66E3 /* Products */ = {
			isa = PBXGroup;
			children = (
				A3002ABF20874274004D66E3 /* Todoey.app */,
			);
			name = Products;
			sourceTree = "<group>";
		};
		A3002AC120874274004D66E3 /* Todoey */ = {
			isa = PBXGroup;
			children = (
				A3002AC220874274004D66E3 /* AppDelegate.swift */,
				A3002AD7208775E6004D66E3 /* Controllers */,
				A3002AD6208775D9004D66E3 /* Data Model */,
				A3002AD8208775F6004D66E3 /* Views */,
				A3002AD920877602004D66E3 /* Supporting Files */,
				A3002ACE20874277004D66E3 /* Info.plist */,
			);
			path = Todoey;
			sourceTree = "<group>";
		};
		A3002AD6208775D9004D66E3 /* Data Model */ = {
			isa = PBXGroup;
			children = (
				A37A0A852090787100BF469C /* Category.swift */,
				A37A0A832090786800BF469C /* Item.swift */,
			);
			path = "Data Model";
			sourceTree = "<group>";
		};
		A3002AD7208775E6004D66E3 /* Controllers */ = {
			isa = PBXGroup;
			children = (
				A3D54066208E0817000BA980 /* CategoryViewController.swift */,
				A3002AC420874274004D66E3 /* ToDoListViewController.swift */,
				A37A0A872091E50700BF469C /* SwipeTableViewController.swift */,
			);
			path = Controllers;
			sourceTree = "<group>";
		};
		A3002AD8208775F6004D66E3 /* Views */ = {
			isa = PBXGroup;
			children = (
				A3002AC620874274004D66E3 /* Main.storyboard */,
			);
			path = Views;
			sourceTree = "<group>";
		};
		A3002AD920877602004D66E3 /* Supporting Files */ = {
			isa = PBXGroup;
			children = (
				A3002AC920874277004D66E3 /* Assets.xcassets */,
				A3002ACB20874277004D66E3 /* LaunchScreen.storyboard */,
			);
			path = "Supporting Files";
			sourceTree = "<group>";
		};
/* End PBXGroup section */

/* Begin PBXNativeTarget section */
		A3002ABE20874274004D66E3 /* Todoey */ = {
			isa = PBXNativeTarget;
			buildConfigurationList = A3002AD120874277004D66E3 /* Build configuration list for PBXNativeTarget "Todoey" */;
			buildPhases = (
				3CB5FD6C9C3D459828EFD6FD /* [CP] Check Pods Manifest.lock */,
				A3002ABB20874274004D66E3 /* Sources */,
				A3002ABC20874274004D66E3 /* Frameworks */,
				A3002ABD20874274004D66E3 /* Resources */,
				C7F6A1FDB4F1C481FD22605B /* [CP] Embed Pods Frameworks */,
			);
			buildRules = (
			);
			dependencies = (
			);
			name = Todoey;
			productName = Todoey;
			productReference = A3002ABF20874274004D66E3 /* Todoey.app */;
			productType = "com.apple.product-type.application";
		};
/* End PBXNativeTarget section */

/* Begin PBXProject section */
		A3002AB720874273004D66E3 /* Project object */ = {
			isa = PBXProject;
			attributes = {
				LastSwiftUpdateCheck = 0930;
				LastUpgradeCheck = 0930;
				ORGANIZATIONNAME = "Hammad Tariq";
				TargetAttributes = {
					A3002ABE20874274004D66E3 = {
						CreatedOnToolsVersion = 9.3;
					};
				};
			};
			buildConfigurationList = A3002ABA20874274004D66E3 /* Build configuration list for PBXProject "Todoey" */;
			compatibilityVersion = "Xcode 9.3";
			developmentRegion = en;
			hasScannedForEncodings = 0;
			knownRegions = (
				en,
				Base,
			);
			mainGroup = A3002AB620874273004D66E3;
			productRefGroup = A3002AC020874274004D66E3 /* Products */;
			projectDirPath = "";
			projectRoot = "";
			targets = (
				A3002ABE20874274004D66E3 /* Todoey */,
			);
		};
/* End PBXProject section */

/* Begin PBXResourcesBuildPhase section */
		A3002ABD20874274004D66E3 /* Resources */ = {
			isa = PBXResourcesBuildPhase;
			buildActionMask = 2147483647;
			files = (
				A3002ACD20874277004D66E3 /* LaunchScreen.storyboard in Resources */,
				A3002ACA20874277004D66E3 /* Assets.xcassets in Resources */,
				A3002AC820874274004D66E3 /* Main.storyboard in Resources */,
			);
			runOnlyForDeploymentPostprocessing = 0;
		};
/* End PBXResourcesBuildPhase section */

/* Begin PBXShellScriptBuildPhase section */
		3CB5FD6C9C3D459828EFD6FD /* [CP] Check Pods Manifest.lock */ = {
			isa = PBXShellScriptBuildPhase;
			buildActionMask = 2147483647;
			files = (
			);
			inputPaths = (
				"${PODS_PODFILE_DIR_PATH}/Podfile.lock",
				"${PODS_ROOT}/Manifest.lock",
			);
			name = "[CP] Check Pods Manifest.lock";
			outputPaths = (
				"$(DERIVED_FILE_DIR)/Pods-Todoey-checkManifestLockResult.txt",
			);
			runOnlyForDeploymentPostprocessing = 0;
			shellPath = /bin/sh;
			shellScript = "diff \"${PODS_PODFILE_DIR_PATH}/Podfile.lock\" \"${PODS_ROOT}/Manifest.lock\" > /dev/null\nif [ $? != 0 ] ; then\n    # print error to STDERR\n    echo \"error: The sandbox is not in sync with the Podfile.lock. Run 'pod install' or update your CocoaPods installation.\" >&2\n    exit 1\nfi\n# This output is used by Xcode 'outputs' to avoid re-running this script phase.\necho \"SUCCESS\" > \"${SCRIPT_OUTPUT_FILE_0}\"\n";
			showEnvVarsInLog = 0;
		};
		C7F6A1FDB4F1C481FD22605B /* [CP] Embed Pods Frameworks */ = {
			isa = PBXShellScriptBuildPhase;
			buildActionMask = 2147483647;
			files = (
			);
			inputPaths = (
				"${SRCROOT}/Pods/Target Support Files/Pods-Todoey/Pods-Todoey-frameworks.sh",
				"${BUILT_PRODUCTS_DIR}/Realm/Realm.framework",
				"${BUILT_PRODUCTS_DIR}/RealmSwift/RealmSwift.framework",
			);
			name = "[CP] Embed Pods Frameworks";
			outputPaths = (
				"${TARGET_BUILD_DIR}/${FRAMEWORKS_FOLDER_PATH}/Realm.framework",
				"${TARGET_BUILD_DIR}/${FRAMEWORKS_FOLDER_PATH}/RealmSwift.framework",
			);
			runOnlyForDeploymentPostprocessing = 0;
			shellPath = /bin/sh;
			shellScript = "\"${SRCROOT}/Pods/Target Support Files/Pods-Todoey/Pods-Todoey-frameworks.sh\"\n";
			showEnvVarsInLog = 0;
		};
/* End PBXShellScriptBuildPhase section */

/* Begin PBXSourcesBuildPhase section */
		A3002ABB20874274004D66E3 /* Sources */ = {
			isa = PBXSourcesBuildPhase;
			buildActionMask = 2147483647;
			files = (
				A37A0A842090786800BF469C /* Item.swift in Sources */,
				A3D54067208E0817000BA980 /* CategoryViewController.swift in Sources */,
				A3002AC520874274004D66E3 /* ToDoListViewController.swift in Sources */,
				A3002AC320874274004D66E3 /* AppDelegate.swift in Sources */,
				A37A0A882091E50700BF469C /* SwipeTableViewController.swift in Sources */,
				A37A0A862090787100BF469C /* Category.swift in Sources */,
			);
			runOnlyForDeploymentPostprocessing = 0;
		};
/* End PBXSourcesBuildPhase section */

/* Begin PBXVariantGroup section */
		A3002AC620874274004D66E3 /* Main.storyboard */ = {
			isa = PBXVariantGroup;
			children = (
				A3002AC720874274004D66E3 /* Base */,
			);
			name = Main.storyboard;
			sourceTree = "<group>";
		};
		A3002ACB20874277004D66E3 /* LaunchScreen.storyboard */ = {
			isa = PBXVariantGroup;
			children = (
				A3002ACC20874277004D66E3 /* Base */,
			);
			name = LaunchScreen.storyboard;
			sourceTree = "<group>";
		};
/* End PBXVariantGroup section */

/* Begin XCBuildConfiguration section */
		A3002ACF20874277004D66E3 /* Debug */ = {
			isa = XCBuildConfiguration;
			buildSettings = {
				ALWAYS_SEARCH_USER_PATHS = NO;
				CLANG_ANALYZER_NONNULL = YES;
				CLANG_ANALYZER_NUMBER_OBJECT_CONVERSION = YES_AGGRESSIVE;
				CLANG_CXX_LANGUAGE_STANDARD = "gnu++14";
				CLANG_CXX_LIBRARY = "libc++";
				CLANG_ENABLE_MODULES = YES;
				CLANG_ENABLE_OBJC_ARC = YES;
				CLANG_ENABLE_OBJC_WEAK = YES;
				CLANG_WARN_BLOCK_CAPTURE_AUTORELEASING = YES;
				CLANG_WARN_BOOL_CONVERSION = YES;
				CLANG_WARN_COMMA = YES;
				CLANG_WARN_CONSTANT_CONVERSION = YES;
				CLANG_WARN_DEPRECATED_OBJC_IMPLEMENTATIONS = YES;
				CLANG_WARN_DIRECT_OBJC_ISA_USAGE = YES_ERROR;
				CLANG_WARN_DOCUMENTATION_COMMENTS = YES;
				CLANG_WARN_EMPTY_BODY = YES;
				CLANG_WARN_ENUM_CONVERSION = YES;
				CLANG_WARN_INFINITE_RECURSION = YES;
				CLANG_WARN_INT_CONVERSION = YES;
				CLANG_WARN_NON_LITERAL_NULL_CONVERSION = YES;
				CLANG_WARN_OBJC_IMPLICIT_RETAIN_SELF = YES;
				CLANG_WARN_OBJC_LITERAL_CONVERSION = YES;
				CLANG_WARN_OBJC_ROOT_CLASS = YES_ERROR;
				CLANG_WARN_RANGE_LOOP_ANALYSIS = YES;
				CLANG_WARN_STRICT_PROTOTYPES = YES;
				CLANG_WARN_SUSPICIOUS_MOVE = YES;
				CLANG_WARN_UNGUARDED_AVAILABILITY = YES_AGGRESSIVE;
				CLANG_WARN_UNREACHABLE_CODE = YES;
				CLANG_WARN__DUPLICATE_METHOD_MATCH = YES;
				CODE_SIGN_IDENTITY = "iPhone Developer";
				COPY_PHASE_STRIP = NO;
				DEBUG_INFORMATION_FORMAT = dwarf;
				ENABLE_STRICT_OBJC_MSGSEND = YES;
				ENABLE_TESTABILITY = YES;
				GCC_C_LANGUAGE_STANDARD = gnu11;
				GCC_DYNAMIC_NO_PIC = NO;
				GCC_NO_COMMON_BLOCKS = YES;
				GCC_OPTIMIZATION_LEVEL = 0;
				GCC_PREPROCESSOR_DEFINITIONS = (
					"DEBUG=1",
					"$(inherited)",
				);
				GCC_WARN_64_TO_32_BIT_CONVERSION = YES;
				GCC_WARN_ABOUT_RETURN_TYPE = YES_ERROR;
				GCC_WARN_UNDECLARED_SELECTOR = YES;
				GCC_WARN_UNINITIALIZED_AUTOS = YES_AGGRESSIVE;
				GCC_WARN_UNUSED_FUNCTION = YES;
				GCC_WARN_UNUSED_VARIABLE = YES;
				IPHONEOS_DEPLOYMENT_TARGET = 11.3;
				MTL_ENABLE_DEBUG_INFO = YES;
				ONLY_ACTIVE_ARCH = YES;
				SDKROOT = iphoneos;
				SWIFT_ACTIVE_COMPILATION_CONDITIONS = DEBUG;
				SWIFT_OPTIMIZATION_LEVEL = "-Onone";
			};
			name = Debug;
		};
		A3002AD020874277004D66E3 /* Release */ = {
			isa = XCBuildConfiguration;
			buildSettings = {
				ALWAYS_SEARCH_USER_PATHS = NO;
				CLANG_ANALYZER_NONNULL = YES;
				CLANG_ANALYZER_NUMBER_OBJECT_CONVERSION = YES_AGGRESSIVE;
				CLANG_CXX_LANGUAGE_STANDARD = "gnu++14";
				CLANG_CXX_LIBRARY = "libc++";
				CLANG_ENABLE_MODULES = YES;
				CLANG_ENABLE_OBJC_ARC = YES;
				CLANG_ENABLE_OBJC_WEAK = YES;
				CLANG_WARN_BLOCK_CAPTURE_AUTORELEASING = YES;
				CLANG_WARN_BOOL_CONVERSION = YES;
				CLANG_WARN_COMMA = YES;
				CLANG_WARN_CONSTANT_CONVERSION = YES;
				CLANG_WARN_DEPRECATED_OBJC_IMPLEMENTATIONS = YES;
				CLANG_WARN_DIRECT_OBJC_ISA_USAGE = YES_ERROR;
				CLANG_WARN_DOCUMENTATION_COMMENTS = YES;
				CLANG_WARN_EMPTY_BODY = YES;
				CLANG_WARN_ENUM_CONVERSION = YES;
				CLANG_WARN_INFINITE_RECURSION = YES;
				CLANG_WARN_INT_CONVERSION = YES;
				CLANG_WARN_NON_LITERAL_NULL_CONVERSION = YES;
				CLANG_WARN_OBJC_IMPLICIT_RETAIN_SELF = YES;
				CLANG_WARN_OBJC_LITERAL_CONVERSION = YES;
				CLANG_WARN_OBJC_ROOT_CLASS = YES_ERROR;
				CLANG_WARN_RANGE_LOOP_ANALYSIS = YES;
				CLANG_WARN_STRICT_PROTOTYPES = YES;
				CLANG_WARN_SUSPICIOUS_MOVE = YES;
				CLANG_WARN_UNGUARDED_AVAILABILITY = YES_AGGRESSIVE;
				CLANG_WARN_UNREACHABLE_CODE = YES;
				CLANG_WARN__DUPLICATE_METHOD_MATCH = YES;
				CODE_SIGN_IDENTITY = "iPhone Developer";
				COPY_PHASE_STRIP = NO;
				DEBUG_INFORMATION_FORMAT = "dwarf-with-dsym";
				ENABLE_NS_ASSERTIONS = NO;
				ENABLE_STRICT_OBJC_MSGSEND = YES;
				GCC_C_LANGUAGE_STANDARD = gnu11;
				GCC_NO_COMMON_BLOCKS = YES;
				GCC_WARN_64_TO_32_BIT_CONVERSION = YES;
				GCC_WARN_ABOUT_RETURN_TYPE = YES_ERROR;
				GCC_WARN_UNDECLARED_SELECTOR = YES;
				GCC_WARN_UNINITIALIZED_AUTOS = YES_AGGRESSIVE;
				GCC_WARN_UNUSED_FUNCTION = YES;
				GCC_WARN_UNUSED_VARIABLE = YES;
				IPHONEOS_DEPLOYMENT_TARGET = 11.3;
				MTL_ENABLE_DEBUG_INFO = NO;
				SDKROOT = iphoneos;
				SWIFT_COMPILATION_MODE = wholemodule;
				SWIFT_OPTIMIZATION_LEVEL = "-O";
				VALIDATE_PRODUCT = YES;
			};
			name = Release;
		};
		A3002AD220874277004D66E3 /* Debug */ = {
			isa = XCBuildConfiguration;
			baseConfigurationReference = FAB365E2F2068C961D746545 /* Pods-Todoey.debug.xcconfig */;
			buildSettings = {
				ASSETCATALOG_COMPILER_APPICON_NAME = AppIcon;
				CODE_SIGN_STYLE = Automatic;
				DEVELOPMENT_TEAM = YFV22SC6UJ;
				INFOPLIST_FILE = Todoey/Info.plist;
				LD_RUNPATH_SEARCH_PATHS = (
					"$(inherited)",
					"@executable_path/Frameworks",
				);
				PRODUCT_BUNDLE_IDENTIFIER = uk.co.iologics.Todoey;
				PRODUCT_NAME = "$(TARGET_NAME)";
				SWIFT_VERSION = 4.0;
				TARGETED_DEVICE_FAMILY = "1,2";
			};
			name = Debug;
		};
		A3002AD320874277004D66E3 /* Release */ = {
			isa = XCBuildConfiguration;
			baseConfigurationReference = 09476D0153FD4A7C64DBB219 /* Pods-Todoey.release.xcconfig */;
			buildSettings = {
				ASSETCATALOG_COMPILER_APPICON_NAME = AppIcon;
				CODE_SIGN_STYLE = Automatic;
				DEVELOPMENT_TEAM = YFV22SC6UJ;
				INFOPLIST_FILE = Todoey/Info.plist;
				LD_RUNPATH_SEARCH_PATHS = (
					"$(inherited)",
					"@executable_path/Frameworks",
				);
				PRODUCT_BUNDLE_IDENTIFIER = uk.co.iologics.Todoey;
				PRODUCT_NAME = "$(TARGET_NAME)";
				SWIFT_VERSION = 4.0;
				TARGETED_DEVICE_FAMILY = "1,2";
			};
			name = Release;
		};
/* End XCBuildConfiguration section */

/* Begin XCConfigurationList section */
		A3002ABA20874274004D66E3 /* Build configuration list for PBXProject "Todoey" */ = {
			isa = XCConfigurationList;
			buildConfigurations = (
				A3002ACF20874277004D66E3 /* Debug */,
				A3002AD020874277004D66E3 /* Release */,
			);
			defaultConfigurationIsVisible = 0;
			defaultConfigurationName = Release;
		};
		A3002AD120874277004D66E3 /* Build configuration list for PBXNativeTarget "Todoey" */ = {
			isa = XCConfigurationList;
			buildConfigurations = (
				A3002AD220874277004D66E3 /* Debug */,
				A3002AD320874277004D66E3 /* Release */,
			);
			defaultConfigurationIsVisible = 0;
			defaultConfigurationName = Release;
		};
/* End XCConfigurationList section */
	};
	rootObject = A3002AB720874273004D66E3 /* Project object */;
}
